
Microsoft Visual Studio Solution File, Format Version 12.00
# Visual Studio Version 17
VisualStudioVersion = 17.2.32630.192
MinimumVisualStudioVersion = 10.0.40219.1
Project("{FAE04EC0-301F-11D3-BF4B-00C04F79EFBC}") = "Generics", "Generics\Generics.csproj", "{4F0D87DA-E04B-4442-8281-D5B2904B33EE}"
EndProject
Global
	GlobalSection(SolutionConfigurationPlatforms) = preSolution
		Debug|Any CPU = Debug|Any CPU
		Release|Any CPU = Release|Any CPU
	EndGlobalSection
	GlobalSection(ProjectConfigurationPlatforms) = postSolution
		{4F0D87DA-E04B-4442-8281-D5B2904B33EE}.Debug|Any CPU.ActiveCfg = Debug|Any CPU
		{4F0D87DA-E04B-4442-8281-D5B2904B33EE}.Debug|Any CPU.Build.0 = Debug|Any CPU
		{4F0D87DA-E04B-4442-8281-D5B2904B33EE}.Release|Any CPU.ActiveCfg = Release|Any CPU
		{4F0D87DA-E04B-4442-8281-D5B2904B33EE}.Release|Any CPU.Build.0 = Release|Any CPU
	EndGlobalSection
	GlobalSection(SolutionProperties) = preSolution
		HideSolutionNode = FALSE
	EndGlobalSection
	GlobalSection(ExtensibilityGlobals) = postSolution
		SolutionGuid = {44A2C0B8-2EE8-4399-ABAF-DB964CAAFE68}
	EndGlobalSection
EndGlobal
